
Microsoft Visual Studio Solution File, Format Version 12.00
# Visual Studio Version 16
VisualStudioVersion = 16.0.28729.10
MinimumVisualStudioVersion = 10.0.40219.1
Project("{9A19103F-16F7-4668-BE54-9A1E7A4F7556}") = "Gibbed.Unreflect.Core", "Gibbed.Unreflect.Core\Gibbed.Unreflect.Core.csproj", "{5CB232F6-6E10-4D06-83B6-8238895ED36F}"
EndProject
Project("{9A19103F-16F7-4668-BE54-9A1E7A4F7556}") = "Gibbed.Unreflect.Runtime", "Gibbed.Unreflect.Runtime\Gibbed.Unreflect.Runtime.csproj", "{78358FEB-E627-490E-8701-3C5DBE2D72FA}"
EndProject
Global
	GlobalSection(SolutionConfigurationPlatforms) = preSolution
		Debug|Any CPU = Debug|Any CPU
		Release|Any CPU = Release|Any CPU
	EndGlobalSection
	GlobalSection(ProjectConfigurationPlatforms) = postSolution
		{5CB232F6-6E10-4D06-83B6-8238895ED36F}.Debug|Any CPU.ActiveCfg = Debug|Any CPU
		{5CB232F6-6E10-4D06-83B6-8238895ED36F}.Debug|Any CPU.Build.0 = Debug|Any CPU
		{5CB232F6-6E10-4D06-83B6-8238895ED36F}.Release|Any CPU.ActiveCfg = Release|Any CPU
		{5CB232F6-6E10-4D06-83B6-8238895ED36F}.Release|Any CPU.Build.0 = Release|Any CPU
		{78358FEB-E627-490E-8701-3C5DBE2D72FA}.Debug|Any CPU.ActiveCfg = Debug|Any CPU
		{78358FEB-E627-490E-8701-3C5DBE2D72FA}.Debug|Any CPU.Build.0 = Debug|Any CPU
		{78358FEB-E627-490E-8701-3C5DBE2D72FA}.Release|Any CPU.ActiveCfg = Release|Any CPU
		{78358FEB-E627-490E-8701-3C5DBE2D72FA}.Release|Any CPU.Build.0 = Release|Any CPU
	EndGlobalSection
	GlobalSection(SolutionProperties) = preSolution
		HideSolutionNode = FALSE
	EndGlobalSection
	GlobalSection(ExtensibilityGlobals) = postSolution
		SolutionGuid = {7CF58D9B-EEF7-404E-8AB2-E007D802A59A}
	EndGlobalSection
EndGlobal
